
Microsoft Visual Studio Solution File, Format Version 12.00
# Visual Studio Version 17
VisualStudioVersion = 17.4.33205.214
MinimumVisualStudioVersion = 10.0.40219.1
Project("{FAE04EC0-301F-11D3-BF4B-00C04F79EFBC}") = "LayoutCustomization", "LayoutCustomization.csproj", "{68C6819C-9A1C-4E76-AAFF-15F8E7393E9C}"
EndProject
Global
	GlobalSection(SolutionConfigurationPlatforms) = preSolution
		Debug|Any CPU = Debug|Any CPU
		Release|Any CPU = Release|Any CPU
	EndGlobalSection
	GlobalSection(ProjectConfigurationPlatforms) = postSolution
		{68C6819C-9A1C-4E76-AAFF-15F8E7393E9C}.Debug|Any CPU.ActiveCfg = Debug|Any CPU
		{68C6819C-9A1C-4E76-AAFF-15F8E7393E9C}.Debug|Any CPU.Build.0 = Debug|Any CPU
		{68C6819C-9A1C-4E76-AAFF-15F8E7393E9C}.Release|Any CPU.ActiveCfg = Release|Any CPU
		{68C6819C-9A1C-4E76-AAFF-15F8E7393E9C}.Release|Any CPU.Build.0 = Release|Any CPU
	EndGlobalSection
	GlobalSection(SolutionProperties) = preSolution
		HideSolutionNode = FALSE
	EndGlobalSection
	GlobalSection(ExtensibilityGlobals) = postSolution
		SolutionGuid = {A15A14CD-E5DF-44D6-B79F-D58E0969B925}
	EndGlobalSection
EndGlobal
